// !$*UTF8*$!
{
	archiveVersion = 1;
	classes = {
	};
	objectVersion = 55;
	objects = {

/* Begin PBXBuildFile section */
		9CFBF88F27FC64E800822CA2 /* AppDelegate.swift in Sources */ = {isa = PBXBuildFile; fileRef = 9CFBF88E27FC64E800822CA2 /* AppDelegate.swift */; };
		9CFBF89127FC64E800822CA2 /* SceneDelegate.swift in Sources */ = {isa = PBXBuildFile; fileRef = 9CFBF89027FC64E800822CA2 /* SceneDelegate.swift */; };
		9CFBF89327FC64E800822CA2 /* ContentView.swift in Sources */ = {isa = PBXBuildFile; fileRef = 9CFBF89227FC64E800822CA2 /* ContentView.swift */; };
		9CFBF89627FC64E800822CA2 /* Main.storyboard in Resources */ = {isa = PBXBuildFile; fileRef = 9CFBF89427FC64E800822CA2 /* Main.storyboard */; };
		9CFBF89827FC64EA00822CA2 /* Assets.xcassets in Resources */ = {isa = PBXBuildFile; fileRef = 9CFBF89727FC64EA00822CA2 /* Assets.xcassets */; };
		9CFBF89B27FC64EA00822CA2 /* LaunchScreen.storyboard in Resources */ = {isa = PBXBuildFile; fileRef = 9CFBF89927FC64EA00822CA2 /* LaunchScreen.storyboard */; };
		9CFBF8A327FC659E00822CA2 /* Microphone.swift in Sources */ = {isa = PBXBuildFile; fileRef = 9CFBF8A227FC659E00822CA2 /* Microphone.swift */; };
		9CFBF8A527FC66B700822CA2 /* SoundAnalizerController.swift in Sources */ = {isa = PBXBuildFile; fileRef = 9CFBF8A427FC66B700822CA2 /* SoundAnalizerController.swift */; };
		9CFBF8A727FC66E100822CA2 /* EmotionModel.mlmodel in Sources */ = {isa = PBXBuildFile; fileRef = 9CFBF8A627FC66E100822CA2 /* EmotionModel.mlmodel */; };
		9CFBF8AA27FCAB4F00822CA2 /* CircleView.swift in Sources */ = {isa = PBXBuildFile; fileRef = 9CFBF8A927FCAB4F00822CA2 /* CircleView.swift */; };
/* End PBXBuildFile section */

/* Begin PBXFileReference section */
		9CFBF88B27FC64E800822CA2 /* Sound.app */ = {isa = PBXFileReference; explicitFileType = wrapper.application; includeInIndex = 0; path = Sound.app; sourceTree = BUILT_PRODUCTS_DIR; };
		9CFBF88E27FC64E800822CA2 /* AppDelegate.swift */ = {isa = PBXFileReference; lastKnownFileType = sourcecode.swift; path = AppDelegate.swift; sourceTree = "<group>"; };
		9CFBF89027FC64E800822CA2 /* SceneDelegate.swift */ = {isa = PBXFileReference; lastKnownFileType = sourcecode.swift; path = SceneDelegate.swift; sourceTree = "<group>"; };
		9CFBF89227FC64E800822CA2 /* ContentView.swift */ = {isa = PBXFileReference; lastKnownFileType = sourcecode.swift; path = ContentView.swift; sourceTree = "<group>"; };
		9CFBF89527FC64E800822CA2 /* Base */ = {isa = PBXFileReference; lastKnownFileType = file.storyboard; name = Base; path = Base.lproj/Main.storyboard; sourceTree = "<group>"; };
		9CFBF89727FC64EA00822CA2 /* Assets.xcassets */ = {isa = PBXFileReference; lastKnownFileType = folder.assetcatalog; path = Assets.xcassets; sourceTree = "<group>"; };
		9CFBF89A27FC64EA00822CA2 /* Base */ = {isa = PBXFileReference; lastKnownFileType = file.storyboard; name = Base; path = Base.lproj/LaunchScreen.storyboard; sourceTree = "<group>"; };
		9CFBF89C27FC64EA00822CA2 /* Info.plist */ = {isa = PBXFileReference; lastKnownFileType = text.plist.xml; path = Info.plist; sourceTree = "<group>"; };
		9CFBF8A227FC659E00822CA2 /* Microphone.swift */ = {isa = PBXFileReference; lastKnownFileType = sourcecode.swift; path = Microphone.swift; sourceTree = "<group>"; };
		9CFBF8A427FC66B700822CA2 /* SoundAnalizerController.swift */ = {isa = PBXFileReference; lastKnownFileType = sourcecode.swift; path = SoundAnalizerController.swift; sourceTree = "<group>"; };
		9CFBF8A627FC66E100822CA2 /* EmotionModel.mlmodel */ = {isa = PBXFileReference; lastKnownFileType = file.mlmodel; path = EmotionModel.mlmodel; sourceTree = "<group>"; };
		9CFBF8A927FCAB4F00822CA2 /* CircleView.swift */ = {isa = PBXFileReference; lastKnownFileType = sourcecode.swift; path = CircleView.swift; sourceTree = "<group>"; };
/* End PBXFileReference section */

/* Begin PBXFrameworksBuildPhase section */
		9CFBF88827FC64E800822CA2 /* Frameworks */ = {
			isa = PBXFrameworksBuildPhase;
			buildActionMask = 2147483647;
			files = (
			);
			runOnlyForDeploymentPostprocessing = 0;
		};
/* End PBXFrameworksBuildPhase section */

/* Begin PBXGroup section */
		9CFBF88227FC64E800822CA2 = {
			isa = PBXGroup;
			children = (
				9CFBF88D27FC64E800822CA2 /* Sound */,
				9CFBF88C27FC64E800822CA2 /* Products */,
			);
			sourceTree = "<group>";
		};
		9CFBF88C27FC64E800822CA2 /* Products */ = {
			isa = PBXGroup;
			children = (
				9CFBF88B27FC64E800822CA2 /* Sound.app */,
			);
			name = Products;
			sourceTree = "<group>";
		};
		9CFBF88D27FC64E800822CA2 /* Sound */ = {
			isa = PBXGroup;
			children = (
				9CFBF88E27FC64E800822CA2 /* AppDelegate.swift */,
				9CFBF89027FC64E800822CA2 /* SceneDelegate.swift */,
				9CFBF8A427FC66B700822CA2 /* SoundAnalizerController.swift */,
				9CFBF8A227FC659E00822CA2 /* Microphone.swift */,
				9CFBF89227FC64E800822CA2 /* ContentView.swift */,
				9CFBF8A927FCAB4F00822CA2 /* CircleView.swift */,
				9CFBF8A827FC686C00822CA2 /* Model */,
				9CFBF89427FC64E800822CA2 /* Main.storyboard */,
				9CFBF89727FC64EA00822CA2 /* Assets.xcassets */,
				9CFBF89927FC64EA00822CA2 /* LaunchScreen.storyboard */,
				9CFBF89C27FC64EA00822CA2 /* Info.plist */,
			);
			path = Sound;
			sourceTree = "<group>";
		};
		9CFBF8A827FC686C00822CA2 /* Model */ = {
			isa = PBXGroup;
			children = (
				9CFBF8A627FC66E100822CA2 /* EmotionModel.mlmodel */,
			);
			path = Model;
			sourceTree = "<group>";
		};
/* End PBXGroup section */

/* Begin PBXNativeTarget section */
		9CFBF88A27FC64E800822CA2 /* Sound */ = {
			isa = PBXNativeTarget;
			buildConfigurationList = 9CFBF89F27FC64EA00822CA2 /* Build configuration list for PBXNativeTarget "Sound" */;
			buildPhases = (
				9CFBF88727FC64E800822CA2 /* Sources */,
				9CFBF88827FC64E800822CA2 /* Frameworks */,
				9CFBF88927FC64E800822CA2 /* Resources */,
			);
			buildRules = (
			);
			dependencies = (
			);
			name = Sound;
			productName = Sound;
			productReference = 9CFBF88B27FC64E800822CA2 /* Sound.app */;
			productType = "com.apple.product-type.application";
		};
/* End PBXNativeTarget section */

/* Begin PBXProject section */
		9CFBF88327FC64E800822CA2 /* Project object */ = {
			isa = PBXProject;
			attributes = {
				BuildIndependentTargetsInParallel = 1;
				LastSwiftUpdateCheck = 1320;
				LastUpgradeCheck = 1320;
				TargetAttributes = {
					9CFBF88A27FC64E800822CA2 = {
						CreatedOnToolsVersion = 13.2.1;
					};
				};
			};
			buildConfigurationList = 9CFBF88627FC64E800822CA2 /* Build configuration list for PBXProject "Sound" */;
			compatibilityVersion = "Xcode 13.0";
			developmentRegion = en;
			hasScannedForEncodings = 0;
			knownRegions = (
				en,
				Base,
			);
			mainGroup = 9CFBF88227FC64E800822CA2;
			productRefGroup = 9CFBF88C27FC64E800822CA2 /* Products */;
			projectDirPath = "";
			projectRoot = "";
			targets = (
				9CFBF88A27FC64E800822CA2 /* Sound */,
			);
		};
/* End PBXProject section */

/* Begin PBXResourcesBuildPhase section */
		9CFBF88927FC64E800822CA2 /* Resources */ = {
			isa = PBXResourcesBuildPhase;
			buildActionMask = 2147483647;
			files = (
				9CFBF89B27FC64EA00822CA2 /* LaunchScreen.storyboard in Resources */,
				9CFBF89827FC64EA00822CA2 /* Assets.xcassets in Resources */,
				9CFBF89627FC64E800822CA2 /* Main.storyboard in Resources */,
			);
			runOnlyForDeploymentPostprocessing = 0;
		};
/* End PBXResourcesBuildPhase section */

/* Begin PBXSourcesBuildPhase section */
		9CFBF88727FC64E800822CA2 /* Sources */ = {
			isa = PBXSourcesBuildPhase;
			buildActionMask = 2147483647;
			files = (
				9CFBF8A527FC66B700822CA2 /* SoundAnalizerController.swift in Sources */,
				9CFBF89327FC64E800822CA2 /* ContentView.swift in Sources */,
				9CFBF88F27FC64E800822CA2 /* AppDelegate.swift in Sources */,
				9CFBF89127FC64E800822CA2 /* SceneDelegate.swift in Sources */,
				9CFBF8A727FC66E100822CA2 /* EmotionModel.mlmodel in Sources */,
				9CFBF8AA27FCAB4F00822CA2 /* CircleView.swift in Sources */,
				9CFBF8A327FC659E00822CA2 /* Microphone.swift in Sources */,
			);
			runOnlyForDeploymentPostprocessing = 0;
		};
/* End PBXSourcesBuildPhase section */

/* Begin PBXVariantGroup section */
		9CFBF89427FC64E800822CA2 /* Main.storyboard */ = {
			isa = PBXVariantGroup;
			children = (
				9CFBF89527FC64E800822CA2 /* Base */,
			);
			name = Main.storyboard;
			sourceTree = "<group>";
		};
		9CFBF89927FC64EA00822CA2 /* LaunchScreen.storyboard */ = {
			isa = PBXVariantGroup;
			children = (
				9CFBF89A27FC64EA00822CA2 /* Base */,
			);
			name = LaunchScreen.storyboard;
			sourceTree = "<group>";
		};
/* End PBXVariantGroup section */

/* Begin XCBuildConfiguration section */
		9CFBF89D27FC64EA00822CA2 /* Debug */ = {
			isa = XCBuildConfiguration;
			buildSettings = {
				ALWAYS_SEARCH_USER_PATHS = NO;
				CLANG_ANALYZER_NONNULL = YES;
				CLANG_ANALYZER_NUMBER_OBJECT_CONVERSION = YES_AGGRESSIVE;
				CLANG_CXX_LANGUAGE_STANDARD = "gnu++17";
				CLANG_CXX_LIBRARY = "libc++";
				CLANG_ENABLE_MODULES = YES;
				CLANG_ENABLE_OBJC_ARC = YES;
				CLANG_ENABLE_OBJC_WEAK = YES;
				CLANG_WARN_BLOCK_CAPTURE_AUTORELEASING = YES;
				CLANG_WARN_BOOL_CONVERSION = YES;
				CLANG_WARN_COMMA = YES;
				CLANG_WARN_CONSTANT_CONVERSION = YES;
				CLANG_WARN_DEPRECATED_OBJC_IMPLEMENTATIONS = YES;
				CLANG_WARN_DIRECT_OBJC_ISA_USAGE = YES_ERROR;
				CLANG_WARN_DOCUMENTATION_COMMENTS = YES;
				CLANG_WARN_EMPTY_BODY = YES;
				CLANG_WARN_ENUM_CONVERSION = YES;
				CLANG_WARN_INFINITE_RECURSION = YES;
				CLANG_WARN_INT_CONVERSION = YES;
				CLANG_WARN_NON_LITERAL_NULL_CONVERSION = YES;
				CLANG_WARN_OBJC_IMPLICIT_RETAIN_SELF = YES;
				CLANG_WARN_OBJC_LITERAL_CONVERSION = YES;
				CLANG_WARN_OBJC_ROOT_CLASS = YES_ERROR;
				CLANG_WARN_QUOTED_INCLUDE_IN_FRAMEWORK_HEADER = YES;
				CLANG_WARN_RANGE_LOOP_ANALYSIS = YES;
				CLANG_WARN_STRICT_PROTOTYPES = YES;
				CLANG_WARN_SUSPICIOUS_MOVE = YES;
				CLANG_WARN_UNGUARDED_AVAILABILITY = YES_AGGRESSIVE;
				CLANG_WARN_UNREACHABLE_CODE = YES;
				CLANG_WARN__DUPLICATE_METHOD_MATCH = YES;
				COPY_PHASE_STRIP = NO;
				DEBUG_INFORMATION_FORMAT = dwarf;
				ENABLE_STRICT_OBJC_MSGSEND = YES;
				ENABLE_TESTABILITY = YES;
				GCC_C_LANGUAGE_STANDARD = gnu11;
				GCC_DYNAMIC_NO_PIC = NO;
				GCC_NO_COMMON_BLOCKS = YES;
				GCC_OPTIMIZATION_LEVEL = 0;
				GCC_PREPROCESSOR_DEFINITIONS = (
					"DEBUG=1",
					"$(inherited)",
				);
				GCC_WARN_64_TO_32_BIT_CONVERSION = YES;
				GCC_WARN_ABOUT_RETURN_TYPE = YES_ERROR;
				GCC_WARN_UNDECLARED_SELECTOR = YES;
				GCC_WARN_UNINITIALIZED_AUTOS = YES_AGGRESSIVE;
				GCC_WARN_UNUSED_FUNCTION = YES;
				GCC_WARN_UNUSED_VARIABLE = YES;
				IPHONEOS_DEPLOYMENT_TARGET = 15.2;
				MTL_ENABLE_DEBUG_INFO = INCLUDE_SOURCE;
				MTL_FAST_MATH = YES;
				ONLY_ACTIVE_ARCH = YES;
				SDKROOT = iphoneos;
				SWIFT_ACTIVE_COMPILATION_CONDITIONS = DEBUG;
				SWIFT_OPTIMIZATION_LEVEL = "-Onone";
			};
			name = Debug;
		};
		9CFBF89E27FC64EA00822CA2 /* Release */ = {
			isa = XCBuildConfiguration;
			buildSettings = {
				ALWAYS_SEARCH_USER_PATHS = NO;
				CLANG_ANALYZER_NONNULL = YES;
				CLANG_ANALYZER_NUMBER_OBJECT_CONVERSION = YES_AGGRESSIVE;
				CLANG_CXX_LANGUAGE_STANDARD = "gnu++17";
				CLANG_CXX_LIBRARY = "libc++";
				CLANG_ENABLE_MODULES = YES;
				CLANG_ENABLE_OBJC_ARC = YES;
				CLANG_ENABLE_OBJC_WEAK = YES;
				CLANG_WARN_BLOCK_CAPTURE_AUTORELEASING = YES;
				CLANG_WARN_BOOL_CONVERSION = YES;
				CLANG_WARN_COMMA = YES;
				CLANG_WARN_CONSTANT_CONVERSION = YES;
				CLANG_WARN_DEPRECATED_OBJC_IMPLEMENTATIONS = YES;
				CLANG_WARN_DIRECT_OBJC_ISA_USAGE = YES_ERROR;
				CLANG_WARN_DOCUMENTATION_COMMENTS = YES;
				CLANG_WARN_EMPTY_BODY = YES;
				CLANG_WARN_ENUM_CONVERSION = YES;
				CLANG_WARN_INFINITE_RECURSION = YES;
				CLANG_WARN_INT_CONVERSION = YES;
				CLANG_WARN_NON_LITERAL_NULL_CONVERSION = YES;
				CLANG_WARN_OBJC_IMPLICIT_RETAIN_SELF = YES;
				CLANG_WARN_OBJC_LITERAL_CONVERSION = YES;
				CLANG_WARN_OBJC_ROOT_CLASS = YES_ERROR;
				CLANG_WARN_QUOTED_INCLUDE_IN_FRAMEWORK_HEADER = YES;
				CLANG_WARN_RANGE_LOOP_ANALYSIS = YES;
				CLANG_WARN_STRICT_PROTOTYPES = YES;
				CLANG_WARN_SUSPICIOUS_MOVE = YES;
				CLANG_WARN_UNGUARDED_AVAILABILITY = YES_AGGRESSIVE;
				CLANG_WARN_UNREACHABLE_CODE = YES;
				CLANG_WARN__DUPLICATE_METHOD_MATCH = YES;
				COPY_PHASE_STRIP = NO;
				DEBUG_INFORMATION_FORMAT = "dwarf-with-dsym";
				ENABLE_NS_ASSERTIONS = NO;
				ENABLE_STRICT_OBJC_MSGSEND = YES;
				GCC_C_LANGUAGE_STANDARD = gnu11;
				GCC_NO_COMMON_BLOCKS = YES;
				GCC_WARN_64_TO_32_BIT_CONVERSION = YES;
				GCC_WARN_ABOUT_RETURN_TYPE = YES_ERROR;
				GCC_WARN_UNDECLARED_SELECTOR = YES;
				GCC_WARN_UNINITIALIZED_AUTOS = YES_AGGRESSIVE;
				GCC_WARN_UNUSED_FUNCTION = YES;
				GCC_WARN_UNUSED_VARIABLE = YES;
				IPHONEOS_DEPLOYMENT_TARGET = 15.2;
				MTL_ENABLE_DEBUG_INFO = NO;
				MTL_FAST_MATH = YES;
				SDKROOT = iphoneos;
				SWIFT_COMPILATION_MODE = wholemodule;
				SWIFT_OPTIMIZATION_LEVEL = "-O";
				VALIDATE_PRODUCT = YES;
			};
			name = Release;
		};
		9CFBF8A027FC64EA00822CA2 /* Debug */ = {
			isa = XCBuildConfiguration;
			buildSettings = {
				ASSETCATALOG_COMPILER_APPICON_NAME = AppIcon;
				ASSETCATALOG_COMPILER_GLOBAL_ACCENT_COLOR_NAME = AccentColor;
				CODE_SIGN_STYLE = Automatic;
				CURRENT_PROJECT_VERSION = 1;
				DEVELOPMENT_TEAM = 46ZSVCU248;
				GENERATE_INFOPLIST_FILE = YES;
				INFOPLIST_FILE = Sound/Info.plist;
				INFOPLIST_KEY_UIApplicationSupportsIndirectInputEvents = YES;
				INFOPLIST_KEY_UILaunchStoryboardName = LaunchScreen;
				INFOPLIST_KEY_UIMainStoryboardFile = LaunchScreen;
				INFOPLIST_KEY_UISupportedInterfaceOrientations_iPad = "UIInterfaceOrientationPortrait UIInterfaceOrientationPortraitUpsideDown UIInterfaceOrientationLandscapeLeft UIInterfaceOrientationLandscapeRight";
				INFOPLIST_KEY_UISupportedInterfaceOrientations_iPhone = "UIInterfaceOrientationPortrait UIInterfaceOrientationLandscapeLeft UIInterfaceOrientationLandscapeRight";
				LD_RUNPATH_SEARCH_PATHS = (
					"$(inherited)",
					"@executable_path/Frameworks",
				);
				MARKETING_VERSION = 1.0;
				PRODUCT_BUNDLE_IDENTIFIER = martinaesposito.com.Sound;
				PRODUCT_NAME = "$(TARGET_NAME)";
				SWIFT_EMIT_LOC_STRINGS = YES;
				SWIFT_VERSION = 5.0;
				TARGETED_DEVICE_FAMILY = "1,2";
			};
			name = Debug;
		};
		9CFBF8A127FC64EA00822CA2 /* Release */ = {
			isa = XCBuildConfiguration;
			buildSettings = {
				ASSETCATALOG_COMPILER_APPICON_NAME = AppIcon;
				ASSETCATALOG_COMPILER_GLOBAL_ACCENT_COLOR_NAME = AccentColor;
				CODE_SIGN_STYLE = Automatic;
				CURRENT_PROJECT_VERSION = 1;
				DEVELOPMENT_TEAM = 46ZSVCU248;
				GENERATE_INFOPLIST_FILE = YES;
				INFOPLIST_FILE = Sound/Info.plist;
				INFOPLIST_KEY_UIApplicationSupportsIndirectInputEvents = YES;
				INFOPLIST_KEY_UILaunchStoryboardName = LaunchScreen;
				INFOPLIST_KEY_UIMainStoryboardFile = LaunchScreen;
				INFOPLIST_KEY_UISupportedInterfaceOrientations_iPad = "UIInterfaceOrientationPortrait UIInterfaceOrientationPortraitUpsideDown UIInterfaceOrientationLandscapeLeft UIInterfaceOrientationLandscapeRight";
				INFOPLIST_KEY_UISupportedInterfaceOrientations_iPhone = "UIInterfaceOrientationPortrait UIInterfaceOrientationLandscapeLeft UIInterfaceOrientationLandscapeRight";
				LD_RUNPATH_SEARCH_PATHS = (
					"$(inherited)",
					"@executable_path/Frameworks",
				);
				MARKETING_VERSION = 1.0;
				PRODUCT_BUNDLE_IDENTIFIER = martinaesposito.com.Sound;
				PRODUCT_NAME = "$(TARGET_NAME)";
				SWIFT_EMIT_LOC_STRINGS = YES;
				SWIFT_VERSION = 5.0;
				TARGETED_DEVICE_FAMILY = "1,2";
			};
			name = Release;
		};
/* End XCBuildConfiguration section */

/* Begin XCConfigurationList section */
		9CFBF88627FC64E800822CA2 /* Build configuration list for PBXProject "Sound" */ = {
			isa = XCConfigurationList;
			buildConfigurations = (
				9CFBF89D27FC64EA00822CA2 /* Debug */,
				9CFBF89E27FC64EA00822CA2 /* Release */,
			);
			defaultConfigurationIsVisible = 0;
			defaultConfigurationName = Release;
		};
		9CFBF89F27FC64EA00822CA2 /* Build configuration list for PBXNativeTarget "Sound" */ = {
			isa = XCConfigurationList;
			buildConfigurations = (
				9CFBF8A027FC64EA00822CA2 /* Debug */,
				9CFBF8A127FC64EA00822CA2 /* Release */,
			);
			defaultConfigurationIsVisible = 0;
			defaultConfigurationName = Release;
		};
/* End XCConfigurationList section */
	};
	rootObject = 9CFBF88327FC64E800822CA2 /* Project object */;
}
